// !$*UTF8*$!
{
	archiveVersion = 1;
	classes = {
	};
	objectVersion = 77;
	objects = {

/* Begin PBXBuildFile section */
		A10000012F920001002CE393 /* LocalMLXChatCore in Frameworks */ = {isa = PBXBuildFile; productRef = A10000102F920001002CE393 /* LocalMLXChatCore */; };
/* End PBXBuildFile section */

/* Begin PBXContainerItemProxy section */
		A100000D2F920001002CE393 /* PBXContainerItemProxy */ = {
			isa = PBXContainerItemProxy;
			containerPortal = A10000052F920001002CE393 /* Project object */;
			proxyType = 1;
			remoteGlobalIDString = A10000082F920001002CE393;
			remoteInfo = MacPawApp;
		};
/* End PBXContainerItemProxy section */

/* Begin PBXFileReference section */
		A10000032F920001002CE393 /* MacPawApp.app */ = {isa = PBXFileReference; explicitFileType = wrapper.application; includeInIndex = 0; path = MacPawApp.app; sourceTree = BUILT_PRODUCTS_DIR; };
		A10000042F920001002CE393 /* MacPawAppTests.xctest */ = {isa = PBXFileReference; explicitFileType = wrapper.cfbundle; includeInIndex = 0; path = MacPawAppTests.xctest; sourceTree = BUILT_PRODUCTS_DIR; };
/* End PBXFileReference section */

/* Begin PBXFileSystemSynchronizedRootGroup section */
		A10000062F920001002CE393 /* MacPawApp */ = {
			isa = PBXFileSystemSynchronizedRootGroup;
			path = MacPawApp;
			sourceTree = "<group>";
		};
		A10000072F920001002CE393 /* MacPawAppTests */ = {
			isa = PBXFileSystemSynchronizedRootGroup;
			path = MacPawAppTests;
			sourceTree = "<group>";
		};
/* End PBXFileSystemSynchronizedRootGroup section */

/* Begin PBXFrameworksBuildPhase section */
		A100000A2F920001002CE393 /* Frameworks */ = {
			isa = PBXFrameworksBuildPhase;
			buildActionMask = 2147483647;
			files = (
				A10000012F920001002CE393 /* LocalMLXChatCore in Frameworks */,
			);
			runOnlyForDeploymentPostprocessing = 0;
		};
		A100000C2F920001002CE393 /* Frameworks */ = {
			isa = PBXFrameworksBuildPhase;
			buildActionMask = 2147483647;
			files = (
			);
			runOnlyForDeploymentPostprocessing = 0;
		};
/* End PBXFrameworksBuildPhase section */

/* Begin PBXGroup section */
		A10000022F920001002CE393 = {
			isa = PBXGroup;
			children = (
				A10000062F920001002CE393 /* MacPawApp */,
				A10000072F920001002CE393 /* MacPawAppTests */,
				A10000112F920001002CE393 /* Products */,
			);
			sourceTree = "<group>";
		};
		A10000112F920001002CE393 /* Products */ = {
			isa = PBXGroup;
			children = (
				A10000032F920001002CE393 /* MacPawApp.app */,
				A10000042F920001002CE393 /* MacPawAppTests.xctest */,
			);
			name = Products;
			sourceTree = "<group>";
		};
/* End PBXGroup section */

/* Begin PBXNativeTarget section */
		A10000082F920001002CE393 /* MacPawApp */ = {
			isa = PBXNativeTarget;
			buildConfigurationList = A10000122F920001002CE393 /* Build configuration list for PBXNativeTarget "MacPawApp" */;
			buildPhases = (
				A10000092F920001002CE393 /* Sources */,
				A100000A2F920001002CE393 /* Frameworks */,
				A100000B2F920001002CE393 /* Resources */,
			);
			buildRules = (
			);
			dependencies = (
			);
			fileSystemSynchronizedGroups = (
				A10000062F920001002CE393 /* MacPawApp */,
			);
			name = MacPawApp;
			packageProductDependencies = (
				A10000102F920001002CE393 /* LocalMLXChatCore */,
			);
			productName = MacPawApp;
			productReference = A10000032F920001002CE393 /* MacPawApp.app */;
			productType = "com.apple.product-type.application";
		};
		A10000132F920001002CE393 /* MacPawAppTests */ = {
			isa = PBXNativeTarget;
			buildConfigurationList = A10000162F920001002CE393 /* Build configuration list for PBXNativeTarget "MacPawAppTests" */;
			buildPhases = (
				A10000142F920001002CE393 /* Sources */,
				A100000C2F920001002CE393 /* Frameworks */,
				A10000152F920001002CE393 /* Resources */,
			);
			buildRules = (
			);
			dependencies = (
				A100000E2F920001002CE393 /* PBXTargetDependency */,
			);
			fileSystemSynchronizedGroups = (
				A10000072F920001002CE393 /* MacPawAppTests */,
			);
			name = MacPawAppTests;
			packageProductDependencies = (
			);
			productName = MacPawAppTests;
			productReference = A10000042F920001002CE393 /* MacPawAppTests.xctest */;
			productType = "com.apple.product-type.bundle.unit-test";
		};
/* End PBXNativeTarget section */

/* Begin PBXProject section */
		A10000052F920001002CE393 /* Project object */ = {
			isa = PBXProject;
			attributes = {
				BuildIndependentTargetsInParallel = 1;
				LastSwiftUpdateCheck = 2640;
				LastUpgradeCheck = 2640;
				TargetAttributes = {
					A10000082F920001002CE393 = {
						CreatedOnToolsVersion = 26.4;
					};
					A10000132F920001002CE393 = {
						CreatedOnToolsVersion = 26.4;
					};
				};
			};
			buildConfigurationList = A10000172F920001002CE393 /* Build configuration list for PBXProject "MacPawCLI" */;
			developmentRegion = en;
			hasScannedForEncodings = 0;
			knownRegions = (
				en,
				Base,
			);
			mainGroup = A10000022F920001002CE393;
			minimizedProjectReferenceProxies = 1;
			packageReferences = (
				A10000192F920001002CE393 /* XCRemoteSwiftPackageReference "local-mlx-chat-core" */,
			);
			preferredProjectObjectVersion = 77;
			productRefGroup = A10000112F920001002CE393 /* Products */;
			projectDirPath = "";
			projectRoot = "";
			targets = (
				A10000082F920001002CE393 /* MacPawApp */,
				A10000132F920001002CE393 /* MacPawAppTests */,
			);
		};
/* End PBXProject section */

/* Begin PBXResourcesBuildPhase section */
		A100000B2F920001002CE393 /* Resources */ = {
			isa = PBXResourcesBuildPhase;
			buildActionMask = 2147483647;
			files = (
			);
			runOnlyForDeploymentPostprocessing = 0;
		};
		A10000152F920001002CE393 /* Resources */ = {
			isa = PBXResourcesBuildPhase;
			buildActionMask = 2147483647;
			files = (
			);
			runOnlyForDeploymentPostprocessing = 0;
		};
/* End PBXResourcesBuildPhase section */

/* Begin PBXSourcesBuildPhase section */
		A10000092F920001002CE393 /* Sources */ = {
			isa = PBXSourcesBuildPhase;
			buildActionMask = 2147483647;
			files = (
			);
			runOnlyForDeploymentPostprocessing = 0;
		};
		A10000142F920001002CE393 /* Sources */ = {
			isa = PBXSourcesBuildPhase;
			buildActionMask = 2147483647;
			files = (
			);
			runOnlyForDeploymentPostprocessing = 0;
		};
/* End PBXSourcesBuildPhase section */

/* Begin PBXTargetDependency section */
		A100000E2F920001002CE393 /* PBXTargetDependency */ = {
			isa = PBXTargetDependency;
			target = A10000082F920001002CE393 /* MacPawApp */;
			targetProxy = A100000D2F920001002CE393 /* PBXContainerItemProxy */;
		};
/* End PBXTargetDependency section */

/* Begin XCBuildConfiguration section */
		A100001A2F920001002CE393 /* Debug */ = {
			isa = XCBuildConfiguration;
			buildSettings = {
				ALWAYS_SEARCH_USER_PATHS = NO;
				ASSETCATALOG_COMPILER_GENERATE_SWIFT_ASSET_SYMBOL_EXTENSIONS = YES;
				CLANG_ANALYZER_NONNULL = YES;
				CLANG_ANALYZER_NUMBER_OBJECT_CONVERSION = YES_AGGRESSIVE;
				CLANG_CXX_LANGUAGE_STANDARD = "gnu++20";
				CLANG_ENABLE_MODULES = YES;
				CLANG_ENABLE_OBJC_ARC = YES;
				CLANG_ENABLE_OBJC_WEAK = YES;
				CLANG_WARN_BLOCK_CAPTURE_AUTORELEASING = YES;
				CLANG_WARN_BOOL_CONVERSION = YES;
				CLANG_WARN_COMMA = YES;
				CLANG_WARN_CONSTANT_CONVERSION = YES;
				CLANG_WARN_DEPRECATED_OBJC_IMPLEMENTATIONS = YES;
				CLANG_WARN_DIRECT_OBJC_ISA_USAGE = YES_ERROR;
				CLANG_WARN_DOCUMENTATION_COMMENTS = YES;
				CLANG_WARN_EMPTY_BODY = YES;
				CLANG_WARN_ENUM_CONVERSION = YES;
				CLANG_WARN_INFINITE_RECURSION = YES;
				CLANG_WARN_INT_CONVERSION = YES;
				CLANG_WARN_NON_LITERAL_NULL_CONVERSION = YES;
				CLANG_WARN_OBJC_IMPLICIT_RETAIN_SELF = YES;
				CLANG_WARN_OBJC_LITERAL_CONVERSION = YES;
				CLANG_WARN_OBJC_ROOT_CLASS = YES_ERROR;
				CLANG_WARN_QUOTED_INCLUDE_IN_FRAMEWORK_HEADER = YES;
				CLANG_WARN_RANGE_LOOP_ANALYSIS = YES;
				CLANG_WARN_STRICT_PROTOTYPES = YES;
				CLANG_WARN_SUSPICIOUS_MOVE = YES;
				CLANG_WARN_UNGUARDED_AVAILABILITY = YES_AGGRESSIVE;
				CLANG_WARN_UNREACHABLE_CODE = YES;
				CLANG_WARN__DUPLICATE_METHOD_MATCH = YES;
				COPY_PHASE_STRIP = NO;
				DEBUG_INFORMATION_FORMAT = dwarf;
				ENABLE_STRICT_OBJC_MSGSEND = YES;
				ENABLE_TESTABILITY = YES;
				GCC_C_LANGUAGE_STANDARD = gnu17;
				GCC_DYNAMIC_NO_PIC = NO;
				GCC_NO_COMMON_BLOCKS = YES;
				GCC_OPTIMIZATION_LEVEL = 0;
				GCC_PREPROCESSOR_DEFINITIONS = (
					"DEBUG=1",
					"$(inherited)",
				);
				GCC_WARN_64_TO_32_BIT_CONVERSION = YES;
				GCC_WARN_ABOUT_RETURN_TYPE = YES_ERROR;
				GCC_WARN_UNDECLARED_SELECTOR = YES;
				GCC_WARN_UNINITIALIZED_AUTOS = YES_AGGRESSIVE;
				GCC_WARN_UNUSED_FUNCTION = YES;
				GCC_WARN_UNUSED_VARIABLE = YES;
				LOCALIZATION_PREFERS_STRING_CATALOGS = YES;
				MACOSX_DEPLOYMENT_TARGET = 14.0;
				ONLY_ACTIVE_ARCH = YES;
				SDKROOT = macosx;
				SWIFT_COMPILATION_MODE = singlefile;
				SWIFT_OPTIMIZATION_LEVEL = "-Onone";
				SWIFT_VERSION = 5.0;
			};
			name = Debug;
		};
		A100001B2F920001002CE393 /* Release */ = {
			isa = XCBuildConfiguration;
			buildSettings = {
				ALWAYS_SEARCH_USER_PATHS = NO;
				ASSETCATALOG_COMPILER_GENERATE_SWIFT_ASSET_SYMBOL_EXTENSIONS = YES;
				CLANG_ANALYZER_NONNULL = YES;
				CLANG_ANALYZER_NUMBER_OBJECT_CONVERSION = YES_AGGRESSIVE;
				CLANG_CXX_LANGUAGE_STANDARD = "gnu++20";
				CLANG_ENABLE_MODULES = YES;
				CLANG_ENABLE_OBJC_ARC = YES;
				CLANG_ENABLE_OBJC_WEAK = YES;
				CLANG_WARN_BLOCK_CAPTURE_AUTORELEASING = YES;
				CLANG_WARN_BOOL_CONVERSION = YES;
				CLANG_WARN_COMMA = YES;
				CLANG_WARN_CONSTANT_CONVERSION = YES;
				CLANG_WARN_DEPRECATED_OBJC_IMPLEMENTATIONS = YES;
				CLANG_WARN_DIRECT_OBJC_ISA_USAGE = YES_ERROR;
				CLANG_WARN_DOCUMENTATION_COMMENTS = YES;
				CLANG_WARN_EMPTY_BODY = YES;
				CLANG_WARN_ENUM_CONVERSION = YES;
				CLANG_WARN_INFINITE_RECURSION = YES;
				CLANG_WARN_INT_CONVERSION = YES;
				CLANG_WARN_NON_LITERAL_NULL_CONVERSION = YES;
				CLANG_WARN_OBJC_IMPLICIT_RETAIN_SELF = YES;
				CLANG_WARN_OBJC_LITERAL_CONVERSION = YES;
				CLANG_WARN_OBJC_ROOT_CLASS = YES_ERROR;
				CLANG_WARN_QUOTED_INCLUDE_IN_FRAMEWORK_HEADER = YES;
				CLANG_WARN_RANGE_LOOP_ANALYSIS = YES;
				CLANG_WARN_STRICT_PROTOTYPES = YES;
				CLANG_WARN_SUSPICIOUS_MOVE = YES;
				CLANG_WARN_UNGUARDED_AVAILABILITY = YES_AGGRESSIVE;
				CLANG_WARN_UNREACHABLE_CODE = YES;
				CLANG_WARN__DUPLICATE_METHOD_MATCH = YES;
				COPY_PHASE_STRIP = NO;
				DEBUG_INFORMATION_FORMAT = "dwarf-with-dsym";
				ENABLE_NS_ASSERTIONS = NO;
				ENABLE_STRICT_OBJC_MSGSEND = YES;
				ENABLE_TESTABILITY = NO;
				GCC_C_LANGUAGE_STANDARD = gnu17;
				GCC_NO_COMMON_BLOCKS = YES;
				GCC_OPTIMIZATION_LEVEL = s;
				GCC_WARN_64_TO_32_BIT_CONVERSION = YES;
				GCC_WARN_ABOUT_RETURN_TYPE = YES_ERROR;
				GCC_WARN_UNDECLARED_SELECTOR = YES;
				GCC_WARN_UNINITIALIZED_AUTOS = YES_AGGRESSIVE;
				GCC_WARN_UNUSED_FUNCTION = YES;
				GCC_WARN_UNUSED_VARIABLE = YES;
				LOCALIZATION_PREFERS_STRING_CATALOGS = YES;
				MACOSX_DEPLOYMENT_TARGET = 14.0;
				ONLY_ACTIVE_ARCH = NO;
				SDKROOT = macosx;
				SWIFT_COMPILATION_MODE = wholemodule;
				SWIFT_OPTIMIZATION_LEVEL = "-O";
				SWIFT_VERSION = 5.0;
			};
			name = Release;
		};
		A100001C2F920001002CE393 /* Debug */ = {
			isa = XCBuildConfiguration;
			buildSettings = {
				ASSETCATALOG_COMPILER_APPICON_NAME = MacPawApp;
				CODE_SIGN_STYLE = Automatic;
				CURRENT_PROJECT_VERSION = 1;
				DEFINES_MODULE = YES;
				ENABLE_TESTABILITY = YES;
				GENERATE_INFOPLIST_FILE = YES;
				INFOPLIST_KEY_LSApplicationCategoryType = "public.app-category.developer-tools";
				MARKETING_VERSION = 0.0;
				PRODUCT_BUNDLE_IDENTIFIER = demo.MacPawApp;
				PRODUCT_NAME = MacPawApp;
				SWIFT_EMIT_LOC_STRINGS = YES;
				SWIFT_VERSION = 5.0;
			};
			name = Debug;
		};
		A100001D2F920001002CE393 /* Release */ = {
			isa = XCBuildConfiguration;
			buildSettings = {
				ASSETCATALOG_COMPILER_APPICON_NAME = MacPawApp;
				CODE_SIGN_STYLE = Automatic;
				CURRENT_PROJECT_VERSION = 1;
				DEFINES_MODULE = YES;
				GENERATE_INFOPLIST_FILE = YES;
				INFOPLIST_KEY_LSApplicationCategoryType = "public.app-category.developer-tools";
				MARKETING_VERSION = 0.0;
				PRODUCT_BUNDLE_IDENTIFIER = demo.MacPawApp;
				PRODUCT_NAME = MacPawApp;
				SWIFT_EMIT_LOC_STRINGS = YES;
				SWIFT_VERSION = 5.0;
			};
			name = Release;
		};
		A100001E2F920001002CE393 /* Debug */ = {
			isa = XCBuildConfiguration;
			buildSettings = {
				BUNDLE_LOADER = "$(TEST_HOST)";
				CODE_SIGN_STYLE = Automatic;
				CURRENT_PROJECT_VERSION = 1;
				GENERATE_INFOPLIST_FILE = YES;
				MARKETING_VERSION = 1.0;
				PRODUCT_BUNDLE_IDENTIFIER = demo.MacPawAppTests;
				PRODUCT_NAME = "$(TARGET_NAME)";
				STRING_CATALOG_GENERATE_SYMBOLS = NO;
				SWIFT_EMIT_LOC_STRINGS = NO;
				SWIFT_VERSION = 5.0;
				TEST_HOST = "$(BUILT_PRODUCTS_DIR)/MacPawApp.app/Contents/MacOS/MacPawApp";
			};
			name = Debug;
		};
		A100001F2F920001002CE393 /* Release */ = {
			isa = XCBuildConfiguration;
			buildSettings = {
				BUNDLE_LOADER = "$(TEST_HOST)";
				CODE_SIGN_STYLE = Automatic;
				CURRENT_PROJECT_VERSION = 1;
				GENERATE_INFOPLIST_FILE = YES;
				MARKETING_VERSION = 1.0;
				PRODUCT_BUNDLE_IDENTIFIER = demo.MacPawAppTests;
				PRODUCT_NAME = "$(TARGET_NAME)";
				STRING_CATALOG_GENERATE_SYMBOLS = NO;
				SWIFT_EMIT_LOC_STRINGS = NO;
				SWIFT_VERSION = 5.0;
				TEST_HOST = "$(BUILT_PRODUCTS_DIR)/MacPawApp.app/Contents/MacOS/MacPawApp";
			};
			name = Release;
		};
/* End XCBuildConfiguration section */

/* Begin XCConfigurationList section */
		A10000122F920001002CE393 /* Build configuration list for PBXNativeTarget "MacPawApp" */ = {
			isa = XCConfigurationList;
			buildConfigurations = (
				A100001C2F920001002CE393 /* Debug */,
				A100001D2F920001002CE393 /* Release */,
			);
			defaultConfigurationIsVisible = 0;
			defaultConfigurationName = Release;
		};
		A10000162F920001002CE393 /* Build configuration list for PBXNativeTarget "MacPawAppTests" */ = {
			isa = XCConfigurationList;
			buildConfigurations = (
				A100001E2F920001002CE393 /* Debug */,
				A100001F2F920001002CE393 /* Release */,
			);
			defaultConfigurationIsVisible = 0;
			defaultConfigurationName = Release;
		};
		A10000172F920001002CE393 /* Build configuration list for PBXProject "MacPawCLI" */ = {
			isa = XCConfigurationList;
			buildConfigurations = (
				A100001A2F920001002CE393 /* Debug */,
				A100001B2F920001002CE393 /* Release */,
			);
			defaultConfigurationIsVisible = 0;
			defaultConfigurationName = Release;
		};
/* End XCConfigurationList section */

/* Begin XCRemoteSwiftPackageReference section */
		A10000192F920001002CE393 /* XCRemoteSwiftPackageReference "local-mlx-chat-core" */ = {
			isa = XCRemoteSwiftPackageReference;
			repositoryURL = "https://github.com/inekipelov/local-mlx-chat-core.git";
			requirement = {
				kind = exactVersion;
				version = 0.2.1;
			};
		};
/* End XCRemoteSwiftPackageReference section */

/* Begin XCSwiftPackageProductDependency section */
		A10000102F920001002CE393 /* LocalMLXChatCore */ = {
			isa = XCSwiftPackageProductDependency;
			package = A10000192F920001002CE393 /* XCRemoteSwiftPackageReference "local-mlx-chat-core" */;
			productName = LocalMLXChatCore;
		};
/* End XCSwiftPackageProductDependency section */
	};
	rootObject = A10000052F920001002CE393 /* Project object */;
}
